// !$*UTF8*$!
{
	archiveVersion = 1;
	classes = {
	};
	objectVersion = 51;
	objects = {

/* Begin PBXBuildFile section */
		03058C422635CE000076FD53 /* MessagesCell.swift in Sources */ = {isa = PBXBuildFile; fileRef = 03058C412635CE000076FD53 /* MessagesCell.swift */; };
		03058C472635D05F0076FD53 /* MessagesTableViewController.swift in Sources */ = {isa = PBXBuildFile; fileRef = 03058C462635D05F0076FD53 /* MessagesTableViewController.swift */; };
		03058C562635D3B30076FD53 /* MessagesViewController.swift in Sources */ = {isa = PBXBuildFile; fileRef = 03058C552635D3B30076FD53 /* MessagesViewController.swift */; };
		0316992A261698DE009255E1 /* AppDelegate.swift in Sources */ = {isa = PBXBuildFile; fileRef = 03169929261698DE009255E1 /* AppDelegate.swift */; };
		0316992C261698DE009255E1 /* SceneDelegate.swift in Sources */ = {isa = PBXBuildFile; fileRef = 0316992B261698DE009255E1 /* SceneDelegate.swift */; };
		0316992E261698DE009255E1 /* ViewController.swift in Sources */ = {isa = PBXBuildFile; fileRef = 0316992D261698DE009255E1 /* ViewController.swift */; };
		03169931261698DE009255E1 /* Main.storyboard in Resources */ = {isa = PBXBuildFile; fileRef = 0316992F261698DE009255E1 /* Main.storyboard */; };
		03169933261698E1009255E1 /* Assets.xcassets in Resources */ = {isa = PBXBuildFile; fileRef = 03169932261698E1009255E1 /* Assets.xcassets */; };
		03169936261698E1009255E1 /* LaunchScreen.storyboard in Resources */ = {isa = PBXBuildFile; fileRef = 03169934261698E1009255E1 /* LaunchScreen.storyboard */; };
		03169941261698E2009255E1 /* DogBookTests.swift in Sources */ = {isa = PBXBuildFile; fileRef = 03169940261698E2009255E1 /* DogBookTests.swift */; };
		0316994C261698E2009255E1 /* DogBookUITests.swift in Sources */ = {isa = PBXBuildFile; fileRef = 0316994B261698E2009255E1 /* DogBookUITests.swift */; };
		9EEA7787720247BA5E1452B3 /* Pods_DogBook.framework in Frameworks */ = {isa = PBXBuildFile; fileRef = 66387F03112FB15B0315A574 /* Pods_DogBook.framework */; };
/* End PBXBuildFile section */

/* Begin PBXContainerItemProxy section */
		0316993D261698E2009255E1 /* PBXContainerItemProxy */ = {
			isa = PBXContainerItemProxy;
			containerPortal = 0316991E261698DE009255E1 /* Project object */;
			proxyType = 1;
			remoteGlobalIDString = 03169925261698DE009255E1;
			remoteInfo = DogBook;
		};
		03169948261698E2009255E1 /* PBXContainerItemProxy */ = {
			isa = PBXContainerItemProxy;
			containerPortal = 0316991E261698DE009255E1 /* Project object */;
			proxyType = 1;
			remoteGlobalIDString = 03169925261698DE009255E1;
			remoteInfo = DogBook;
		};
/* End PBXContainerItemProxy section */

/* Begin PBXFileReference section */
		03058C412635CE000076FD53 /* MessagesCell.swift */ = {isa = PBXFileReference; lastKnownFileType = sourcecode.swift; path = MessagesCell.swift; sourceTree = "<group>"; };
		03058C462635D05F0076FD53 /* MessagesTableViewController.swift */ = {isa = PBXFileReference; lastKnownFileType = sourcecode.swift; path = MessagesTableViewController.swift; sourceTree = "<group>"; };
		03058C552635D3B30076FD53 /* MessagesViewController.swift */ = {isa = PBXFileReference; lastKnownFileType = sourcecode.swift; path = MessagesViewController.swift; sourceTree = "<group>"; };
		03169926261698DE009255E1 /* DogBook.app */ = {isa = PBXFileReference; explicitFileType = wrapper.application; includeInIndex = 0; path = DogBook.app; sourceTree = BUILT_PRODUCTS_DIR; };
		03169929261698DE009255E1 /* AppDelegate.swift */ = {isa = PBXFileReference; lastKnownFileType = sourcecode.swift; path = AppDelegate.swift; sourceTree = "<group>"; };
		0316992B261698DE009255E1 /* SceneDelegate.swift */ = {isa = PBXFileReference; lastKnownFileType = sourcecode.swift; path = SceneDelegate.swift; sourceTree = "<group>"; };
		0316992D261698DE009255E1 /* ViewController.swift */ = {isa = PBXFileReference; lastKnownFileType = sourcecode.swift; path = ViewController.swift; sourceTree = "<group>"; };
		03169930261698DE009255E1 /* Base */ = {isa = PBXFileReference; lastKnownFileType = file.storyboard; name = Base; path = Base.lproj/Main.storyboard; sourceTree = "<group>"; };
		03169932261698E1009255E1 /* Assets.xcassets */ = {isa = PBXFileReference; lastKnownFileType = folder.assetcatalog; path = Assets.xcassets; sourceTree = "<group>"; };
		03169935261698E1009255E1 /* Base */ = {isa = PBXFileReference; lastKnownFileType = file.storyboard; name = Base; path = Base.lproj/LaunchScreen.storyboard; sourceTree = "<group>"; };
		03169937261698E1009255E1 /* Info.plist */ = {isa = PBXFileReference; lastKnownFileType = text.plist.xml; path = Info.plist; sourceTree = "<group>"; };
		0316993C261698E2009255E1 /* DogBookTests.xctest */ = {isa = PBXFileReference; explicitFileType = wrapper.cfbundle; includeInIndex = 0; path = DogBookTests.xctest; sourceTree = BUILT_PRODUCTS_DIR; };
		03169940261698E2009255E1 /* DogBookTests.swift */ = {isa = PBXFileReference; lastKnownFileType = sourcecode.swift; path = DogBookTests.swift; sourceTree = "<group>"; };
		03169942261698E2009255E1 /* Info.plist */ = {isa = PBXFileReference; lastKnownFileType = text.plist.xml; path = Info.plist; sourceTree = "<group>"; };
		03169947261698E2009255E1 /* DogBookUITests.xctest */ = {isa = PBXFileReference; explicitFileType = wrapper.cfbundle; includeInIndex = 0; path = DogBookUITests.xctest; sourceTree = BUILT_PRODUCTS_DIR; };
		0316994B261698E2009255E1 /* DogBookUITests.swift */ = {isa = PBXFileReference; lastKnownFileType = sourcecode.swift; path = DogBookUITests.swift; sourceTree = "<group>"; };
		0316994D261698E2009255E1 /* Info.plist */ = {isa = PBXFileReference; lastKnownFileType = text.plist.xml; path = Info.plist; sourceTree = "<group>"; };
		66387F03112FB15B0315A574 /* Pods_DogBook.framework */ = {isa = PBXFileReference; explicitFileType = wrapper.framework; includeInIndex = 0; path = Pods_DogBook.framework; sourceTree = BUILT_PRODUCTS_DIR; };
		ABA04C269E896BC8A9BB9224 /* Pods-DogBook.release.xcconfig */ = {isa = PBXFileReference; includeInIndex = 1; lastKnownFileType = text.xcconfig; name = "Pods-DogBook.release.xcconfig"; path = "Target Support Files/Pods-DogBook/Pods-DogBook.release.xcconfig"; sourceTree = "<group>"; };
		BC37051BD50F124EA3C803B1 /* Pods-DogBook.debug.xcconfig */ = {isa = PBXFileReference; includeInIndex = 1; lastKnownFileType = text.xcconfig; name = "Pods-DogBook.debug.xcconfig"; path = "Target Support Files/Pods-DogBook/Pods-DogBook.debug.xcconfig"; sourceTree = "<group>"; };
/* End PBXFileReference section */

/* Begin PBXFrameworksBuildPhase section */
		03169923261698DE009255E1 /* Frameworks */ = {
			isa = PBXFrameworksBuildPhase;
			buildActionMask = 2147483647;
			files = (
				9EEA7787720247BA5E1452B3 /* Pods_DogBook.framework in Frameworks */,
			);
			runOnlyForDeploymentPostprocessing = 0;
		};
		03169939261698E2009255E1 /* Frameworks */ = {
			isa = PBXFrameworksBuildPhase;
			buildActionMask = 2147483647;
			files = (
			);
			runOnlyForDeploymentPostprocessing = 0;
		};
		03169944261698E2009255E1 /* Frameworks */ = {
			isa = PBXFrameworksBuildPhase;
			buildActionMask = 2147483647;
			files = (
			);
			runOnlyForDeploymentPostprocessing = 0;
		};
/* End PBXFrameworksBuildPhase section */

/* Begin PBXGroup section */
		0316991D261698DE009255E1 = {
			isa = PBXGroup;
			children = (
				03169928261698DE009255E1 /* DogBook */,
				0316993F261698E2009255E1 /* DogBookTests */,
				0316994A261698E2009255E1 /* DogBookUITests */,
				03169927261698DE009255E1 /* Products */,
				D80B7C0E6B23D2E66E214427 /* Pods */,
				2D0806C4191F569EC498324F /* Frameworks */,
			);
			sourceTree = "<group>";
		};
		03169927261698DE009255E1 /* Products */ = {
			isa = PBXGroup;
			children = (
				03169926261698DE009255E1 /* DogBook.app */,
				0316993C261698E2009255E1 /* DogBookTests.xctest */,
				03169947261698E2009255E1 /* DogBookUITests.xctest */,
			);
			name = Products;
			sourceTree = "<group>";
		};
		03169928261698DE009255E1 /* DogBook */ = {
			isa = PBXGroup;
			children = (
				03169929261698DE009255E1 /* AppDelegate.swift */,
				0316992B261698DE009255E1 /* SceneDelegate.swift */,
				0316992D261698DE009255E1 /* ViewController.swift */,
				0316992F261698DE009255E1 /* Main.storyboard */,
				03058C552635D3B30076FD53 /* MessagesViewController.swift */,
				03058C462635D05F0076FD53 /* MessagesTableViewController.swift */,
				03058C412635CE000076FD53 /* MessagesCell.swift */,
				03169932261698E1009255E1 /* Assets.xcassets */,
				03169934261698E1009255E1 /* LaunchScreen.storyboard */,
				03169937261698E1009255E1 /* Info.plist */,
			);
			path = DogBook;
			sourceTree = "<group>";
		};
		0316993F261698E2009255E1 /* DogBookTests */ = {
			isa = PBXGroup;
			children = (
				03169940261698E2009255E1 /* DogBookTests.swift */,
				03169942261698E2009255E1 /* Info.plist */,
			);
			path = DogBookTests;
			sourceTree = "<group>";
		};
		0316994A261698E2009255E1 /* DogBookUITests */ = {
			isa = PBXGroup;
			children = (
				0316994B261698E2009255E1 /* DogBookUITests.swift */,
				0316994D261698E2009255E1 /* Info.plist */,
			);
			path = DogBookUITests;
			sourceTree = "<group>";
		};
		2D0806C4191F569EC498324F /* Frameworks */ = {
			isa = PBXGroup;
			children = (
				66387F03112FB15B0315A574 /* Pods_DogBook.framework */,
			);
			name = Frameworks;
			sourceTree = "<group>";
		};
		D80B7C0E6B23D2E66E214427 /* Pods */ = {
			isa = PBXGroup;
			children = (
				BC37051BD50F124EA3C803B1 /* Pods-DogBook.debug.xcconfig */,
				ABA04C269E896BC8A9BB9224 /* Pods-DogBook.release.xcconfig */,
			);
			path = Pods;
			sourceTree = "<group>";
		};
/* End PBXGroup section */

/* Begin PBXNativeTarget section */
		03169925261698DE009255E1 /* DogBook */ = {
			isa = PBXNativeTarget;
			buildConfigurationList = 03169950261698E2009255E1 /* Build configuration list for PBXNativeTarget "DogBook" */;
			buildPhases = (
				116E808C4D7E98C07C9B36B8 /* [CP] Check Pods Manifest.lock */,
				03169922261698DE009255E1 /* Sources */,
				03169923261698DE009255E1 /* Frameworks */,
				03169924261698DE009255E1 /* Resources */,
				AC5A14A577ADF4CA1EA8FFF0 /* [CP] Embed Pods Frameworks */,
			);
			buildRules = (
			);
			dependencies = (
			);
			name = DogBook;
			productName = DogBook;
			productReference = 03169926261698DE009255E1 /* DogBook.app */;
			productType = "com.apple.product-type.application";
		};
		0316993B261698E2009255E1 /* DogBookTests */ = {
			isa = PBXNativeTarget;
			buildConfigurationList = 03169953261698E2009255E1 /* Build configuration list for PBXNativeTarget "DogBookTests" */;
			buildPhases = (
				03169938261698E2009255E1 /* Sources */,
				03169939261698E2009255E1 /* Frameworks */,
				0316993A261698E2009255E1 /* Resources */,
			);
			buildRules = (
			);
			dependencies = (
				0316993E261698E2009255E1 /* PBXTargetDependency */,
			);
			name = DogBookTests;
			productName = DogBookTests;
			productReference = 0316993C261698E2009255E1 /* DogBookTests.xctest */;
			productType = "com.apple.product-type.bundle.unit-test";
		};
		03169946261698E2009255E1 /* DogBookUITests */ = {
			isa = PBXNativeTarget;
			buildConfigurationList = 03169956261698E2009255E1 /* Build configuration list for PBXNativeTarget "DogBookUITests" */;
			buildPhases = (
				03169943261698E2009255E1 /* Sources */,
				03169944261698E2009255E1 /* Frameworks */,
				03169945261698E2009255E1 /* Resources */,
			);
			buildRules = (
			);
			dependencies = (
				03169949261698E2009255E1 /* PBXTargetDependency */,
			);
			name = DogBookUITests;
			productName = DogBookUITests;
			productReference = 03169947261698E2009255E1 /* DogBookUITests.xctest */;
			productType = "com.apple.product-type.bundle.ui-testing";
		};
/* End PBXNativeTarget section */

/* Begin PBXProject section */
		0316991E261698DE009255E1 /* Project object */ = {
			isa = PBXProject;
			attributes = {
				LastSwiftUpdateCheck = 1220;
				LastUpgradeCheck = 1220;
				TargetAttributes = {
					03169925261698DE009255E1 = {
						CreatedOnToolsVersion = 12.2;
					};
					0316993B261698E2009255E1 = {
						CreatedOnToolsVersion = 12.2;
						TestTargetID = 03169925261698DE009255E1;
					};
					03169946261698E2009255E1 = {
						CreatedOnToolsVersion = 12.2;
						TestTargetID = 03169925261698DE009255E1;
					};
				};
			};
			buildConfigurationList = 03169921261698DE009255E1 /* Build configuration list for PBXProject "DogBook" */;
			compatibilityVersion = "Xcode 9.3";
			developmentRegion = en;
			hasScannedForEncodings = 0;
			knownRegions = (
				en,
				Base,
			);
			mainGroup = 0316991D261698DE009255E1;
			productRefGroup = 03169927261698DE009255E1 /* Products */;
			projectDirPath = "";
			projectRoot = "";
			targets = (
				03169925261698DE009255E1 /* DogBook */,
				0316993B261698E2009255E1 /* DogBookTests */,
				03169946261698E2009255E1 /* DogBookUITests */,
			);
		};
/* End PBXProject section */

/* Begin PBXResourcesBuildPhase section */
		03169924261698DE009255E1 /* Resources */ = {
			isa = PBXResourcesBuildPhase;
			buildActionMask = 2147483647;
			files = (
				03169936261698E1009255E1 /* LaunchScreen.storyboard in Resources */,
				03169933261698E1009255E1 /* Assets.xcassets in Resources */,
				03169931261698DE009255E1 /* Main.storyboard in Resources */,
			);
			runOnlyForDeploymentPostprocessing = 0;
		};
		0316993A261698E2009255E1 /* Resources */ = {
			isa = PBXResourcesBuildPhase;
			buildActionMask = 2147483647;
			files = (
			);
			runOnlyForDeploymentPostprocessing = 0;
		};
		03169945261698E2009255E1 /* Resources */ = {
			isa = PBXResourcesBuildPhase;
			buildActionMask = 2147483647;
			files = (
			);
			runOnlyForDeploymentPostprocessing = 0;
		};
/* End PBXResourcesBuildPhase section */

/* Begin PBXShellScriptBuildPhase section */
		116E808C4D7E98C07C9B36B8 /* [CP] Check Pods Manifest.lock */ = {
			isa = PBXShellScriptBuildPhase;
			buildActionMask = 2147483647;
			files = (
			);
			inputFileListPaths = (
			);
			inputPaths = (
				"${PODS_PODFILE_DIR_PATH}/Podfile.lock",
				"${PODS_ROOT}/Manifest.lock",
			);
			name = "[CP] Check Pods Manifest.lock";
			outputFileListPaths = (
			);
			outputPaths = (
				"$(DERIVED_FILE_DIR)/Pods-DogBook-checkManifestLockResult.txt",
			);
			runOnlyForDeploymentPostprocessing = 0;
			shellPath = /bin/sh;
			shellScript = "diff \"${PODS_PODFILE_DIR_PATH}/Podfile.lock\" \"${PODS_ROOT}/Manifest.lock\" > /dev/null\nif [ $? != 0 ] ; then\n    # print error to STDERR\n    echo \"error: The sandbox is not in sync with the Podfile.lock. Run 'pod install' or update your CocoaPods installation.\" >&2\n    exit 1\nfi\n# This output is used by Xcode 'outputs' to avoid re-running this script phase.\necho \"SUCCESS\" > \"${SCRIPT_OUTPUT_FILE_0}\"\n";
			showEnvVarsInLog = 0;
		};
		AC5A14A577ADF4CA1EA8FFF0 /* [CP] Embed Pods Frameworks */ = {
			isa = PBXShellScriptBuildPhase;
			buildActionMask = 2147483647;
			files = (
			);
			inputFileListPaths = (
				"${PODS_ROOT}/Target Support Files/Pods-DogBook/Pods-DogBook-frameworks-${CONFIGURATION}-input-files.xcfilelist",
			);
			name = "[CP] Embed Pods Frameworks";
			outputFileListPaths = (
				"${PODS_ROOT}/Target Support Files/Pods-DogBook/Pods-DogBook-frameworks-${CONFIGURATION}-output-files.xcfilelist",
			);
			runOnlyForDeploymentPostprocessing = 0;
			shellPath = /bin/sh;
			shellScript = "\"${PODS_ROOT}/Target Support Files/Pods-DogBook/Pods-DogBook-frameworks.sh\"\n";
			showEnvVarsInLog = 0;
		};
/* End PBXShellScriptBuildPhase section */

/* Begin PBXSourcesBuildPhase section */
		03169922261698DE009255E1 /* Sources */ = {
			isa = PBXSourcesBuildPhase;
			buildActionMask = 2147483647;
			files = (
				03058C562635D3B30076FD53 /* MessagesViewController.swift in Sources */,
				0316992E261698DE009255E1 /* ViewController.swift in Sources */,
				03058C422635CE000076FD53 /* MessagesCell.swift in Sources */,
				0316992A261698DE009255E1 /* AppDelegate.swift in Sources */,
				0316992C261698DE009255E1 /* SceneDelegate.swift in Sources */,
				03058C472635D05F0076FD53 /* MessagesTableViewController.swift in Sources */,
			);
			runOnlyForDeploymentPostprocessing = 0;
		};
		03169938261698E2009255E1 /* Sources */ = {
			isa = PBXSourcesBuildPhase;
			buildActionMask = 2147483647;
			files = (
				03169941261698E2009255E1 /* DogBookTests.swift in Sources */,
			);
			runOnlyForDeploymentPostprocessing = 0;
		};
		03169943261698E2009255E1 /* Sources */ = {
			isa = PBXSourcesBuildPhase;
			buildActionMask = 2147483647;
			files = (
				0316994C261698E2009255E1 /* DogBookUITests.swift in Sources */,
			);
			runOnlyForDeploymentPostprocessing = 0;
		};
/* End PBXSourcesBuildPhase section */

/* Begin PBXTargetDependency section */
		0316993E261698E2009255E1 /* PBXTargetDependency */ = {
			isa = PBXTargetDependency;
			target = 03169925261698DE009255E1 /* DogBook */;
			targetProxy = 0316993D261698E2009255E1 /* PBXContainerItemProxy */;
		};
		03169949261698E2009255E1 /* PBXTargetDependency */ = {
			isa = PBXTargetDependency;
			target = 03169925261698DE009255E1 /* DogBook */;
			targetProxy = 03169948261698E2009255E1 /* PBXContainerItemProxy */;
		};
/* End PBXTargetDependency section */

/* Begin PBXVariantGroup section */
		0316992F261698DE009255E1 /* Main.storyboard */ = {
			isa = PBXVariantGroup;
			children = (
				03169930261698DE009255E1 /* Base */,
			);
			name = Main.storyboard;
			sourceTree = "<group>";
		};
		03169934261698E1009255E1 /* LaunchScreen.storyboard */ = {
			isa = PBXVariantGroup;
			children = (
				03169935261698E1009255E1 /* Base */,
			);
			name = LaunchScreen.storyboard;
			sourceTree = "<group>";
		};
/* End PBXVariantGroup section */

/* Begin XCBuildConfiguration section */
		0316994E261698E2009255E1 /* Debug */ = {
			isa = XCBuildConfiguration;
			buildSettings = {
				ALWAYS_SEARCH_USER_PATHS = NO;
				CLANG_ANALYZER_NONNULL = YES;
				CLANG_ANALYZER_NUMBER_OBJECT_CONVERSION = YES_AGGRESSIVE;
				CLANG_CXX_LANGUAGE_STANDARD = "gnu++14";
				CLANG_CXX_LIBRARY = "libc++";
				CLANG_ENABLE_MODULES = YES;
				CLANG_ENABLE_OBJC_ARC = YES;
				CLANG_ENABLE_OBJC_WEAK = YES;
				CLANG_WARN_BLOCK_CAPTURE_AUTORELEASING = YES;
				CLANG_WARN_BOOL_CONVERSION = YES;
				CLANG_WARN_COMMA = YES;
				CLANG_WARN_CONSTANT_CONVERSION = YES;
				CLANG_WARN_DEPRECATED_OBJC_IMPLEMENTATIONS = YES;
				CLANG_WARN_DIRECT_OBJC_ISA_USAGE = YES_ERROR;
				CLANG_WARN_DOCUMENTATION_COMMENTS = YES;
				CLANG_WARN_EMPTY_BODY = YES;
				CLANG_WARN_ENUM_CONVERSION = YES;
				CLANG_WARN_INFINITE_RECURSION = YES;
				CLANG_WARN_INT_CONVERSION = YES;
				CLANG_WARN_NON_LITERAL_NULL_CONVERSION = YES;
				CLANG_WARN_OBJC_IMPLICIT_RETAIN_SELF = YES;
				CLANG_WARN_OBJC_LITERAL_CONVERSION = YES;
				CLANG_WARN_OBJC_ROOT_CLASS = YES_ERROR;
				CLANG_WARN_QUOTED_INCLUDE_IN_FRAMEWORK_HEADER = YES;
				CLANG_WARN_RANGE_LOOP_ANALYSIS = YES;
				CLANG_WARN_STRICT_PROTOTYPES = YES;
				CLANG_WARN_SUSPICIOUS_MOVE = YES;
				CLANG_WARN_UNGUARDED_AVAILABILITY = YES_AGGRESSIVE;
				CLANG_WARN_UNREACHABLE_CODE = YES;
				CLANG_WARN__DUPLICATE_METHOD_MATCH = YES;
				COPY_PHASE_STRIP = NO;
				DEBUG_INFORMATION_FORMAT = dwarf;
				ENABLE_STRICT_OBJC_MSGSEND = YES;
				ENABLE_TESTABILITY = YES;
				GCC_C_LANGUAGE_STANDARD = gnu11;
				GCC_DYNAMIC_NO_PIC = NO;
				GCC_NO_COMMON_BLOCKS = YES;
				GCC_OPTIMIZATION_LEVEL = 0;
				GCC_PREPROCESSOR_DEFINITIONS = (
					"DEBUG=1",
					"$(inherited)",
				);
				GCC_WARN_64_TO_32_BIT_CONVERSION = YES;
				GCC_WARN_ABOUT_RETURN_TYPE = YES_ERROR;
				GCC_WARN_UNDECLARED_SELECTOR = YES;
				GCC_WARN_UNINITIALIZED_AUTOS = YES_AGGRESSIVE;
				GCC_WARN_UNUSED_FUNCTION = YES;
				GCC_WARN_UNUSED_VARIABLE = YES;
				IPHONEOS_DEPLOYMENT_TARGET = 14.2;
				MTL_ENABLE_DEBUG_INFO = INCLUDE_SOURCE;
				MTL_FAST_MATH = YES;
				ONLY_ACTIVE_ARCH = YES;
				SDKROOT = iphoneos;
				SWIFT_ACTIVE_COMPILATION_CONDITIONS = DEBUG;
				SWIFT_OPTIMIZATION_LEVEL = "-Onone";
			};
			name = Debug;
		};
		0316994F261698E2009255E1 /* Release */ = {
			isa = XCBuildConfiguration;
			buildSettings = {
				ALWAYS_SEARCH_USER_PATHS = NO;
				CLANG_ANALYZER_NONNULL = YES;
				CLANG_ANALYZER_NUMBER_OBJECT_CONVERSION = YES_AGGRESSIVE;
				CLANG_CXX_LANGUAGE_STANDARD = "gnu++14";
				CLANG_CXX_LIBRARY = "libc++";
				CLANG_ENABLE_MODULES = YES;
				CLANG_ENABLE_OBJC_ARC = YES;
				CLANG_ENABLE_OBJC_WEAK = YES;
				CLANG_WARN_BLOCK_CAPTURE_AUTORELEASING = YES;
				CLANG_WARN_BOOL_CONVERSION = YES;
				CLANG_WARN_COMMA = YES;
				CLANG_WARN_CONSTANT_CONVERSION = YES;
				CLANG_WARN_DEPRECATED_OBJC_IMPLEMENTATIONS = YES;
				CLANG_WARN_DIRECT_OBJC_ISA_USAGE = YES_ERROR;
				CLANG_WARN_DOCUMENTATION_COMMENTS = YES;
				CLANG_WARN_EMPTY_BODY = YES;
				CLANG_WARN_ENUM_CONVERSION = YES;
				CLANG_WARN_INFINITE_RECURSION = YES;
				CLANG_WARN_INT_CONVERSION = YES;
				CLANG_WARN_NON_LITERAL_NULL_CONVERSION = YES;
				CLANG_WARN_OBJC_IMPLICIT_RETAIN_SELF = YES;
				CLANG_WARN_OBJC_LITERAL_CONVERSION = YES;
				CLANG_WARN_OBJC_ROOT_CLASS = YES_ERROR;
				CLANG_WARN_QUOTED_INCLUDE_IN_FRAMEWORK_HEADER = YES;
				CLANG_WARN_RANGE_LOOP_ANALYSIS = YES;
				CLANG_WARN_STRICT_PROTOTYPES = YES;
				CLANG_WARN_SUSPICIOUS_MOVE = YES;
				CLANG_WARN_UNGUARDED_AVAILABILITY = YES_AGGRESSIVE;
				CLANG_WARN_UNREACHABLE_CODE = YES;
				CLANG_WARN__DUPLICATE_METHOD_MATCH = YES;
				COPY_PHASE_STRIP = NO;
				DEBUG_INFORMATION_FORMAT = "dwarf-with-dsym";
				ENABLE_NS_ASSERTIONS = NO;
				ENABLE_STRICT_OBJC_MSGSEND = YES;
				GCC_C_LANGUAGE_STANDARD = gnu11;
				GCC_NO_COMMON_BLOCKS = YES;
				GCC_WARN_64_TO_32_BIT_CONVERSION = YES;
				GCC_WARN_ABOUT_RETURN_TYPE = YES_ERROR;
				GCC_WARN_UNDECLARED_SELECTOR = YES;
				GCC_WARN_UNINITIALIZED_AUTOS = YES_AGGRESSIVE;
				GCC_WARN_UNUSED_FUNCTION = YES;
				GCC_WARN_UNUSED_VARIABLE = YES;
				IPHONEOS_DEPLOYMENT_TARGET = 14.2;
				MTL_ENABLE_DEBUG_INFO = NO;
				MTL_FAST_MATH = YES;
				SDKROOT = iphoneos;
				SWIFT_COMPILATION_MODE = wholemodule;
				SWIFT_OPTIMIZATION_LEVEL = "-O";
				VALIDATE_PRODUCT = YES;
			};
			name = Release;
		};
		03169951261698E2009255E1 /* Debug */ = {
			isa = XCBuildConfiguration;
			baseConfigurationReference = BC37051BD50F124EA3C803B1 /* Pods-DogBook.debug.xcconfig */;
			buildSettings = {
				ASSETCATALOG_COMPILER_APPICON_NAME = AppIcon;
				ASSETCATALOG_COMPILER_GLOBAL_ACCENT_COLOR_NAME = AccentColor;
				CODE_SIGN_STYLE = Automatic;
				DEVELOPMENT_TEAM = UF8W267V78;
				INFOPLIST_FILE = DogBook/Info.plist;
				LD_RUNPATH_SEARCH_PATHS = (
					"$(inherited)",
					"@executable_path/Frameworks",
				);
				PRODUCT_BUNDLE_IDENTIFIER = com.malikstudios.DogBook;
				PRODUCT_NAME = "$(TARGET_NAME)";
				SWIFT_VERSION = 5.0;
				TARGETED_DEVICE_FAMILY = "1,2";
			};
			name = Debug;
		};
		03169952261698E2009255E1 /* Release */ = {
			isa = XCBuildConfiguration;
			baseConfigurationReference = ABA04C269E896BC8A9BB9224 /* Pods-DogBook.release.xcconfig */;
			buildSettings = {
				ASSETCATALOG_COMPILER_APPICON_NAME = AppIcon;
				ASSETCATALOG_COMPILER_GLOBAL_ACCENT_COLOR_NAME = AccentColor;
				CODE_SIGN_STYLE = Automatic;
				DEVELOPMENT_TEAM = UF8W267V78;
				INFOPLIST_FILE = DogBook/Info.plist;
				LD_RUNPATH_SEARCH_PATHS = (
					"$(inherited)",
					"@executable_path/Frameworks",
				);
				PRODUCT_BUNDLE_IDENTIFIER = com.malikstudios.DogBook;
				PRODUCT_NAME = "$(TARGET_NAME)";
				SWIFT_VERSION = 5.0;
				TARGETED_DEVICE_FAMILY = "1,2";
			};
			name = Release;
		};
		03169954261698E2009255E1 /* Debug */ = {
			isa = XCBuildConfiguration;
			buildSettings = {
				ALWAYS_EMBED_SWIFT_STANDARD_LIBRARIES = YES;
				BUNDLE_LOADER = "$(TEST_HOST)";
				CODE_SIGN_STYLE = Automatic;
				DEVELOPMENT_TEAM = UF8W267V78;
				INFOPLIST_FILE = DogBookTests/Info.plist;
				IPHONEOS_DEPLOYMENT_TARGET = 14.2;
				LD_RUNPATH_SEARCH_PATHS = (
					"$(inherited)",
					"@executable_path/Frameworks",
					"@loader_path/Frameworks",
				);
				PRODUCT_BUNDLE_IDENTIFIER = com.malikstudios.DogBookTests;
				PRODUCT_NAME = "$(TARGET_NAME)";
				SWIFT_VERSION = 5.0;
				TARGETED_DEVICE_FAMILY = "1,2";
				TEST_HOST = "$(BUILT_PRODUCTS_DIR)/DogBook.app/DogBook";
			};
			name = Debug;
		};
		03169955261698E2009255E1 /* Release */ = {
			isa = XCBuildConfiguration;
			buildSettings = {
				ALWAYS_EMBED_SWIFT_STANDARD_LIBRARIES = YES;
				BUNDLE_LOADER = "$(TEST_HOST)";
				CODE_SIGN_STYLE = Automatic;
				DEVELOPMENT_TEAM = UF8W267V78;
				INFOPLIST_FILE = DogBookTests/Info.plist;
				IPHONEOS_DEPLOYMENT_TARGET = 14.2;
				LD_RUNPATH_SEARCH_PATHS = (
					"$(inherited)",
					"@executable_path/Frameworks",
					"@loader_path/Frameworks",
				);
				PRODUCT_BUNDLE_IDENTIFIER = com.malikstudios.DogBookTests;
				PRODUCT_NAME = "$(TARGET_NAME)";
				SWIFT_VERSION = 5.0;
				TARGETED_DEVICE_FAMILY = "1,2";
				TEST_HOST = "$(BUILT_PRODUCTS_DIR)/DogBook.app/DogBook";
			};
			name = Release;
		};
		03169957261698E2009255E1 /* Debug */ = {
			isa = XCBuildConfiguration;
			buildSettings = {
				ALWAYS_EMBED_SWIFT_STANDARD_LIBRARIES = YES;
				CODE_SIGN_STYLE = Automatic;
				DEVELOPMENT_TEAM = UF8W267V78;
				INFOPLIST_FILE = DogBookUITests/Info.plist;
				LD_RUNPATH_SEARCH_PATHS = (
					"$(inherited)",
					"@executable_path/Frameworks",
					"@loader_path/Frameworks",
				);
				PRODUCT_BUNDLE_IDENTIFIER = com.malikstudios.DogBookUITests;
				PRODUCT_NAME = "$(TARGET_NAME)";
				SWIFT_VERSION = 5.0;
				TARGETED_DEVICE_FAMILY = "1,2";
				TEST_TARGET_NAME = DogBook;
			};
			name = Debug;
		};
		03169958261698E2009255E1 /* Release */ = {
			isa = XCBuildConfiguration;
			buildSettings = {
				ALWAYS_EMBED_SWIFT_STANDARD_LIBRARIES = YES;
				CODE_SIGN_STYLE = Automatic;
				DEVELOPMENT_TEAM = UF8W267V78;
				INFOPLIST_FILE = DogBookUITests/Info.plist;
				LD_RUNPATH_SEARCH_PATHS = (
					"$(inherited)",
					"@executable_path/Frameworks",
					"@loader_path/Frameworks",
				);
				PRODUCT_BUNDLE_IDENTIFIER = com.malikstudios.DogBookUITests;
				PRODUCT_NAME = "$(TARGET_NAME)";
				SWIFT_VERSION = 5.0;
				TARGETED_DEVICE_FAMILY = "1,2";
				TEST_TARGET_NAME = DogBook;
			};
			name = Release;
		};
/* End XCBuildConfiguration section */

/* Begin XCConfigurationList section */
		03169921261698DE009255E1 /* Build configuration list for PBXProject "DogBook" */ = {
			isa = XCConfigurationList;
			buildConfigurations = (
				0316994E261698E2009255E1 /* Debug */,
				0316994F261698E2009255E1 /* Release */,
			);
			defaultConfigurationIsVisible = 0;
			defaultConfigurationName = Release;
		};
		03169950261698E2009255E1 /* Build configuration list for PBXNativeTarget "DogBook" */ = {
			isa = XCConfigurationList;
			buildConfigurations = (
				03169951261698E2009255E1 /* Debug */,
				03169952261698E2009255E1 /* Release */,
			);
			defaultConfigurationIsVisible = 0;
			defaultConfigurationName = Release;
		};
		03169953261698E2009255E1 /* Build configuration list for PBXNativeTarget "DogBookTests" */ = {
			isa = XCConfigurationList;
			buildConfigurations = (
				03169954261698E2009255E1 /* Debug */,
				03169955261698E2009255E1 /* Release */,
			);
			defaultConfigurationIsVisible = 0;
			defaultConfigurationName = Release;
		};
		03169956261698E2009255E1 /* Build configuration list for PBXNativeTarget "DogBookUITests" */ = {
			isa = XCConfigurationList;
			buildConfigurations = (
				03169957261698E2009255E1 /* Debug */,
				03169958261698E2009255E1 /* Release */,
			);
			defaultConfigurationIsVisible = 0;
			defaultConfigurationName = Release;
		};
/* End XCConfigurationList section */
	};
	rootObject = 0316991E261698DE009255E1 /* Project object */;
}
